// !$*UTF8*$!
{
	archiveVersion = 1;
	classes = {
	};
	objectVersion = 46;
	objects = {

/* Begin PBXBuildFile section */
		AE4315C66E692B68CFF46050 /* Pods_AlexKit.framework in Frameworks */ = {isa = PBXBuildFile; fileRef = 431F8057923FC8C1B92D7840 /* Pods_AlexKit.framework */; };
		FF0FD1301E235AB10059BD18 /* AppDelegate.swift in Sources */ = {isa = PBXBuildFile; fileRef = FF0FD12F1E235AB10059BD18 /* AppDelegate.swift */; };
		FF0FD1321E235AB10059BD18 /* ViewController.swift in Sources */ = {isa = PBXBuildFile; fileRef = FF0FD1311E235AB10059BD18 /* ViewController.swift */; };
		FF0FD1351E235AB10059BD18 /* Main.storyboard in Resources */ = {isa = PBXBuildFile; fileRef = FF0FD1331E235AB10059BD18 /* Main.storyboard */; };
		FF0FD1371E235AB10059BD18 /* Assets.xcassets in Resources */ = {isa = PBXBuildFile; fileRef = FF0FD1361E235AB10059BD18 /* Assets.xcassets */; };
		FF0FD13A1E235AB10059BD18 /* LaunchScreen.storyboard in Resources */ = {isa = PBXBuildFile; fileRef = FF0FD1381E235AB10059BD18 /* LaunchScreen.storyboard */; };
/* End PBXBuildFile section */

/* Begin PBXFileReference section */
		3FFEC180CA4B3992619B1F18 /* Pods-AlexKit.debug.xcconfig */ = {isa = PBXFileReference; includeInIndex = 1; lastKnownFileType = text.xcconfig; name = "Pods-AlexKit.debug.xcconfig"; path = "Pods/Target Support Files/Pods-AlexKit/Pods-AlexKit.debug.xcconfig"; sourceTree = "<group>"; };
		431F8057923FC8C1B92D7840 /* Pods_AlexKit.framework */ = {isa = PBXFileReference; explicitFileType = wrapper.framework; includeInIndex = 0; path = Pods_AlexKit.framework; sourceTree = BUILT_PRODUCTS_DIR; };
		FCA24930C348D74A6777AA4D /* Pods-AlexKit.release.xcconfig */ = {isa = PBXFileReference; includeInIndex = 1; lastKnownFileType = text.xcconfig; name = "Pods-AlexKit.release.xcconfig"; path = "Pods/Target Support Files/Pods-AlexKit/Pods-AlexKit.release.xcconfig"; sourceTree = "<group>"; };
		FF0FD12C1E235AB10059BD18 /* AlexKit.app */ = {isa = PBXFileReference; explicitFileType = wrapper.application; includeInIndex = 0; path = AlexKit.app; sourceTree = BUILT_PRODUCTS_DIR; };
		FF0FD12F1E235AB10059BD18 /* AppDelegate.swift */ = {isa = PBXFileReference; lastKnownFileType = sourcecode.swift; path = AppDelegate.swift; sourceTree = "<group>"; };
		FF0FD1311E235AB10059BD18 /* ViewController.swift */ = {isa = PBXFileReference; lastKnownFileType = sourcecode.swift; path = ViewController.swift; sourceTree = "<group>"; };
		FF0FD1341E235AB10059BD18 /* Base */ = {isa = PBXFileReference; lastKnownFileType = file.storyboard; name = Base; path = Base.lproj/Main.storyboard; sourceTree = "<group>"; };
		FF0FD1361E235AB10059BD18 /* Assets.xcassets */ = {isa = PBXFileReference; lastKnownFileType = folder.assetcatalog; path = Assets.xcassets; sourceTree = "<group>"; };
		FF0FD1391E235AB10059BD18 /* Base */ = {isa = PBXFileReference; lastKnownFileType = file.storyboard; name = Base; path = Base.lproj/LaunchScreen.storyboard; sourceTree = "<group>"; };
		FF0FD13B1E235AB10059BD18 /* Info.plist */ = {isa = PBXFileReference; lastKnownFileType = text.plist.xml; path = Info.plist; sourceTree = "<group>"; };
/* End PBXFileReference section */

/* Begin PBXFrameworksBuildPhase section */
		FF0FD1291E235AB10059BD18 /* Frameworks */ = {
			isa = PBXFrameworksBuildPhase;
			buildActionMask = 2147483647;
			files = (
				AE4315C66E692B68CFF46050 /* Pods_AlexKit.framework in Frameworks */,
			);
			runOnlyForDeploymentPostprocessing = 0;
		};
/* End PBXFrameworksBuildPhase section */

/* Begin PBXGroup section */
		BAC40DF35C01F7E067AC6807 /* Pods */ = {
			isa = PBXGroup;
			children = (
				3FFEC180CA4B3992619B1F18 /* Pods-AlexKit.debug.xcconfig */,
				FCA24930C348D74A6777AA4D /* Pods-AlexKit.release.xcconfig */,
			);
			name = Pods;
			sourceTree = "<group>";
		};
		FC959A87494CCC947BF92B46 /* Frameworks */ = {
			isa = PBXGroup;
			children = (
				431F8057923FC8C1B92D7840 /* Pods_AlexKit.framework */,
			);
			name = Frameworks;
			sourceTree = "<group>";
		};
		FF0FD1231E235AB10059BD18 = {
			isa = PBXGroup;
			children = (
				FF0FD12E1E235AB10059BD18 /* AlexKit */,
				FF0FD12D1E235AB10059BD18 /* Products */,
				BAC40DF35C01F7E067AC6807 /* Pods */,
				FC959A87494CCC947BF92B46 /* Frameworks */,
			);
			sourceTree = "<group>";
		};
		FF0FD12D1E235AB10059BD18 /* Products */ = {
			isa = PBXGroup;
			children = (
				FF0FD12C1E235AB10059BD18 /* AlexKit.app */,
			);
			name = Products;
			sourceTree = "<group>";
		};
		FF0FD12E1E235AB10059BD18 /* AlexKit */ = {
			isa = PBXGroup;
			children = (
				FF0FD12F1E235AB10059BD18 /* AppDelegate.swift */,
				FF0FD1311E235AB10059BD18 /* ViewController.swift */,
				FF0FD1331E235AB10059BD18 /* Main.storyboard */,
				FF0FD1361E235AB10059BD18 /* Assets.xcassets */,
				FF0FD1381E235AB10059BD18 /* LaunchScreen.storyboard */,
				FF0FD13B1E235AB10059BD18 /* Info.plist */,
			);
			path = AlexKit;
			sourceTree = "<group>";
		};
/* End PBXGroup section */

/* Begin PBXNativeTarget section */
		FF0FD12B1E235AB10059BD18 /* AlexKit */ = {
			isa = PBXNativeTarget;
			buildConfigurationList = FF0FD13E1E235AB10059BD18 /* Build configuration list for PBXNativeTarget "AlexKit" */;
			buildPhases = (
				A831FF659E4E13279D8F0953 /* [CP] Check Pods Manifest.lock */,
				FF0FD1281E235AB10059BD18 /* Sources */,
				FF0FD1291E235AB10059BD18 /* Frameworks */,
				FF0FD12A1E235AB10059BD18 /* Resources */,
				EF2DCE6CE02D3405E8A75DB8 /* [CP] Embed Pods Frameworks */,
				2FC4B8B0BC4662BB1E95F996 /* [CP] Copy Pods Resources */,
			);
			buildRules = (
			);
			dependencies = (
			);
			name = AlexKit;
			productName = AlexKit;
			productReference = FF0FD12C1E235AB10059BD18 /* AlexKit.app */;
			productType = "com.apple.product-type.application";
		};
/* End PBXNativeTarget section */

/* Begin PBXProject section */
		FF0FD1241E235AB10059BD18 /* Project object */ = {
			isa = PBXProject;
			attributes = {
				LastSwiftUpdateCheck = 0800;
				LastUpgradeCheck = 0800;
				ORGANIZATIONNAME = "燊燊科技公司";
				TargetAttributes = {
					FF0FD12B1E235AB10059BD18 = {
						CreatedOnToolsVersion = 8.0;
						ProvisioningStyle = Automatic;
					};
				};
			};
			buildConfigurationList = FF0FD1271E235AB10059BD18 /* Build configuration list for PBXProject "AlexKit" */;
			compatibilityVersion = "Xcode 3.2";
			developmentRegion = English;
			hasScannedForEncodings = 0;
			knownRegions = (
				en,
				Base,
			);
			mainGroup = FF0FD1231E235AB10059BD18;
			productRefGroup = FF0FD12D1E235AB10059BD18 /* Products */;
			projectDirPath = "";
			projectRoot = "";
			targets = (
				FF0FD12B1E235AB10059BD18 /* AlexKit */,
			);
		};
/* End PBXProject section */

/* Begin PBXResourcesBuildPhase section */
		FF0FD12A1E235AB10059BD18 /* Resources */ = {
			isa = PBXResourcesBuildPhase;
			buildActionMask = 2147483647;
			files = (
				FF0FD13A1E235AB10059BD18 /* LaunchScreen.storyboard in Resources */,
				FF0FD1371E235AB10059BD18 /* Assets.xcassets in Resources */,
				FF0FD1351E235AB10059BD18 /* Main.storyboard in Resources */,
			);
			runOnlyForDeploymentPostprocessing = 0;
		};
/* End PBXResourcesBuildPhase section */

/* Begin PBXShellScriptBuildPhase section */
		2FC4B8B0BC4662BB1E95F996 /* [CP] Copy Pods Resources */ = {
			isa = PBXShellScriptBuildPhase;
			buildActionMask = 2147483647;
			files = (
			);
			inputPaths = (
			);
			name = "[CP] Copy Pods Resources";
			outputPaths = (
			);
			runOnlyForDeploymentPostprocessing = 0;
			shellPath = /bin/sh;
			shellScript = "\"${SRCROOT}/Pods/Target Support Files/Pods-AlexKit/Pods-AlexKit-resources.sh\"\n";
			showEnvVarsInLog = 0;
		};
		A831FF659E4E13279D8F0953 /* [CP] Check Pods Manifest.lock */ = {
			isa = PBXShellScriptBuildPhase;
			buildActionMask = 2147483647;
			files = (
			);
			inputPaths = (
			);
			name = "[CP] Check Pods Manifest.lock";
			outputPaths = (
			);
			runOnlyForDeploymentPostprocessing = 0;
			shellPath = /bin/sh;
			shellScript = "diff \"${PODS_ROOT}/../Podfile.lock\" \"${PODS_ROOT}/Manifest.lock\" > /dev/null\nif [ $? != 0 ] ; then\n    # print error to STDERR\n    echo \"error: The sandbox is not in sync with the Podfile.lock. Run 'pod install' or update your CocoaPods installation.\" >&2\n    exit 1\nfi\n";
			showEnvVarsInLog = 0;
		};
		EF2DCE6CE02D3405E8A75DB8 /* [CP] Embed Pods Frameworks */ = {
			isa = PBXShellScriptBuildPhase;
			buildActionMask = 2147483647;
			files = (
			);
			inputPaths = (
			);
			name = "[CP] Embed Pods Frameworks";
			outputPaths = (
			);
			runOnlyForDeploymentPostprocessing = 0;
			shellPath = /bin/sh;
			shellScript = "\"${SRCROOT}/Pods/Target Support Files/Pods-AlexKit/Pods-AlexKit-frameworks.sh\"\n";
			showEnvVarsInLog = 0;
		};
/* End PBXShellScriptBuildPhase section */

/* Begin PBXSourcesBuildPhase section */
		FF0FD1281E235AB10059BD18 /* Sources */ = {
			isa = PBXSourcesBuildPhase;
			buildActionMask = 2147483647;
			files = (
				FF0FD1321E235AB10059BD18 /* ViewController.swift in Sources */,
				FF0FD1301E235AB10059BD18 /* AppDelegate.swift in Sources */,
			);
			runOnlyForDeploymentPostprocessing = 0;
		};
/* End PBXSourcesBuildPhase section */

/* Begin PBXVariantGroup section */
		FF0FD1331E235AB10059BD18 /* Main.storyboard */ = {
			isa = PBXVariantGroup;
			children = (
				FF0FD1341E235AB10059BD18 /* Base */,
			);
			name = Main.storyboard;
			sourceTree = "<group>";
		};
		FF0FD1381E235AB10059BD18 /* LaunchScreen.storyboard */ = {
			isa = PBXVariantGroup;
			children = (
				FF0FD1391E235AB10059BD18 /* Base */,
			);
			name = LaunchScreen.storyboard;
			sourceTree = "<group>";
		};
/* End PBXVariantGroup section */

/* Begin XCBuildConfiguration section */
		FF0FD13C1E235AB10059BD18 /* Debug */ = {
			isa = XCBuildConfiguration;
			buildSettings = {
				ALWAYS_SEARCH_USER_PATHS = NO;
				CLANG_ANALYZER_NONNULL = YES;
				CLANG_CXX_LANGUAGE_STANDARD = "gnu++0x";
				CLANG_CXX_LIBRARY = "libc++";
				CLANG_ENABLE_MODULES = YES;
				CLANG_ENABLE_OBJC_ARC = YES;
				CLANG_WARN_BOOL_CONVERSION = YES;
				CLANG_WARN_CONSTANT_CONVERSION = YES;
				CLANG_WARN_DIRECT_OBJC_ISA_USAGE = YES_ERROR;
				CLANG_WARN_DOCUMENTATION_COMMENTS = YES;
				CLANG_WARN_EMPTY_BODY = YES;
				CLANG_WARN_ENUM_CONVERSION = YES;
				CLANG_WARN_INFINITE_RECURSION = YES;
				CLANG_WARN_INT_CONVERSION = YES;
				CLANG_WARN_OBJC_ROOT_CLASS = YES_ERROR;
				CLANG_WARN_SUSPICIOUS_MOVES = YES;
				CLANG_WARN_UNREACHABLE_CODE = YES;
				CLANG_WARN__DUPLICATE_METHOD_MATCH = YES;
				"CODE_SIGN_IDENTITY[sdk=iphoneos*]" = "iPhone Developer";
				COPY_PHASE_STRIP = NO;
				DEBUG_INFORMATION_FORMAT = dwarf;
				ENABLE_STRICT_OBJC_MSGSEND = YES;
				ENABLE_TESTABILITY = YES;
				GCC_C_LANGUAGE_STANDARD = gnu99;
				GCC_DYNAMIC_NO_PIC = NO;
				GCC_NO_COMMON_BLOCKS = YES;
				GCC_OPTIMIZATION_LEVEL = 0;
				GCC_PREPROCESSOR_DEFINITIONS = (
					"DEBUG=1",
					"$(inherited)",
				);
				GCC_WARN_64_TO_32_BIT_CONVERSION = YES;
				GCC_WARN_ABOUT_RETURN_TYPE = YES_ERROR;
				GCC_WARN_UNDECLARED_SELECTOR = YES;
				GCC_WARN_UNINITIALIZED_AUTOS = YES_AGGRESSIVE;
				GCC_WARN_UNUSED_FUNCTION = YES;
				GCC_WARN_UNUSED_VARIABLE = YES;
				IPHONEOS_DEPLOYMENT_TARGET = 10.0;
				MTL_ENABLE_DEBUG_INFO = YES;
				ONLY_ACTIVE_ARCH = YES;
				SDKROOT = iphoneos;
				SWIFT_ACTIVE_COMPILATION_CONDITIONS = DEBUG;
				SWIFT_OPTIMIZATION_LEVEL = "-Onone";
				TARGETED_DEVICE_FAMILY = "1,2";
			};
			name = Debug;
		};
		FF0FD13D1E235AB10059BD18 /* Release */ = {
			isa = XCBuildConfiguration;
			buildSettings = {
				ALWAYS_SEARCH_USER_PATHS = NO;
				CLANG_ANALYZER_NONNULL = YES;
				CLANG_CXX_LANGUAGE_STANDARD = "gnu++0x";
				CLANG_CXX_LIBRARY = "libc++";
				CLANG_ENABLE_MODULES = YES;
				CLANG_ENABLE_OBJC_ARC = YES;
				CLANG_WARN_BOOL_CONVERSION = YES;
				CLANG_WARN_CONSTANT_CONVERSION = YES;
				CLANG_WARN_DIRECT_OBJC_ISA_USAGE = YES_ERROR;
				CLANG_WARN_DOCUMENTATION_COMMENTS = YES;
				CLANG_WARN_EMPTY_BODY = YES;
				CLANG_WARN_ENUM_CONVERSION = YES;
				CLANG_WARN_INFINITE_RECURSION = YES;
				CLANG_WARN_INT_CONVERSION = YES;
				CLANG_WARN_OBJC_ROOT_CLASS = YES_ERROR;
				CLANG_WARN_SUSPICIOUS_MOVES = YES;
				CLANG_WARN_UNREACHABLE_CODE = YES;
				CLANG_WARN__DUPLICATE_METHOD_MATCH = YES;
				"CODE_SIGN_IDENTITY[sdk=iphoneos*]" = "iPhone Developer";
				COPY_PHASE_STRIP = NO;
				DEBUG_INFORMATION_FORMAT = "dwarf-with-dsym";
				ENABLE_NS_ASSERTIONS = NO;
				ENABLE_STRICT_OBJC_MSGSEND = YES;
				GCC_C_LANGUAGE_STANDARD = gnu99;
				GCC_NO_COMMON_BLOCKS = YES;
				GCC_WARN_64_TO_32_BIT_CONVERSION = YES;
				GCC_WARN_ABOUT_RETURN_TYPE = YES_ERROR;
				GCC_WARN_UNDECLARED_SELECTOR = YES;
				GCC_WARN_UNINITIALIZED_AUTOS = YES_AGGRESSIVE;
				GCC_WARN_UNUSED_FUNCTION = YES;
				GCC_WARN_UNUSED_VARIABLE = YES;
				IPHONEOS_DEPLOYMENT_TARGET = 10.0;
				MTL_ENABLE_DEBUG_INFO = NO;
				SDKROOT = iphoneos;
				SWIFT_OPTIMIZATION_LEVEL = "-Owholemodule";
				TARGETED_DEVICE_FAMILY = "1,2";
				VALIDATE_PRODUCT = YES;
			};
			name = Release;
		};
		FF0FD13F1E235AB10059BD18 /* Debug */ = {
			isa = XCBuildConfiguration;
			baseConfigurationReference = 3FFEC180CA4B3992619B1F18 /* Pods-AlexKit.debug.xcconfig */;
			buildSettings = {
				ASSETCATALOG_COMPILER_APPICON_NAME = AppIcon;
				INFOPLIST_FILE = AlexKit/Info.plist;
				LD_RUNPATH_SEARCH_PATHS = "$(inherited) @executable_path/Frameworks";
				PRODUCT_BUNDLE_IDENTIFIER = www.shenshen.com.Im.AlexKit;
				PRODUCT_NAME = "$(TARGET_NAME)";
				SWIFT_VERSION = 3.0;
			};
			name = Debug;
		};
		FF0FD1401E235AB10059BD18 /* Release */ = {
			isa = XCBuildConfiguration;
			baseConfigurationReference = FCA24930C348D74A6777AA4D /* Pods-AlexKit.release.xcconfig */;
			buildSettings = {
				ASSETCATALOG_COMPILER_APPICON_NAME = AppIcon;
				INFOPLIST_FILE = AlexKit/Info.plist;
				LD_RUNPATH_SEARCH_PATHS = "$(inherited) @executable_path/Frameworks";
				PRODUCT_BUNDLE_IDENTIFIER = www.shenshen.com.Im.AlexKit;
				PRODUCT_NAME = "$(TARGET_NAME)";
				SWIFT_VERSION = 3.0;
			};
			name = Release;
		};
/* End XCBuildConfiguration section */

/* Begin XCConfigurationList section */
		FF0FD1271E235AB10059BD18 /* Build configuration list for PBXProject "AlexKit" */ = {
			isa = XCConfigurationList;
			buildConfigurations = (
				FF0FD13C1E235AB10059BD18 /* Debug */,
				FF0FD13D1E235AB10059BD18 /* Release */,
			);
			defaultConfigurationIsVisible = 0;
			defaultConfigurationName = Release;
		};
		FF0FD13E1E235AB10059BD18 /* Build configuration list for PBXNativeTarget "AlexKit" */ = {
			isa = XCConfigurationList;
			buildConfigurations = (
				FF0FD13F1E235AB10059BD18 /* Debug */,
				FF0FD1401E235AB10059BD18 /* Release */,
			);
			defaultConfigurationIsVisible = 0;
			defaultConfigurationName = Release;
		};
/* End XCConfigurationList section */
	};
	rootObject = FF0FD1241E235AB10059BD18 /* Project object */;
}
